
Microsoft Visual Studio Solution File, Format Version 12.00
# Visual Studio 2013
VisualStudioVersion = 12.0.21005.1
MinimumVisualStudioVersion = 10.0.40219.1
Project("{FAE04EC0-301F-11D3-BF4B-00C04F79EFBC}") = "TheatresManagement", "Huy-Phuong\TheatresManagement.csproj", "{94F3D43F-0B18-46B3-9017-7D3B247756F1}"
EndProject
Project("{FAE04EC0-301F-11D3-BF4B-00C04F79EFBC}") = "TheatreManagementUnitTests", "TheatreManagementUnitTests\TheatreManagementUnitTests.csproj", "{2F3D5C19-1206-495D-B928-880A5E019647}"
EndProject
Global
	GlobalSection(SolutionConfigurationPlatforms) = preSolution
		Debug|Any CPU = Debug|Any CPU
		Release|Any CPU = Release|Any CPU
	EndGlobalSection
	GlobalSection(ProjectConfigurationPlatforms) = postSolution
		{94F3D43F-0B18-46B3-9017-7D3B247756F1}.Debug|Any CPU.ActiveCfg = Debug|Any CPU
		{94F3D43F-0B18-46B3-9017-7D3B247756F1}.Debug|Any CPU.Build.0 = Debug|Any CPU
		{94F3D43F-0B18-46B3-9017-7D3B247756F1}.Release|Any CPU.ActiveCfg = Release|Any CPU
		{94F3D43F-0B18-46B3-9017-7D3B247756F1}.Release|Any CPU.Build.0 = Release|Any CPU
		{2F3D5C19-1206-495D-B928-880A5E019647}.Debug|Any CPU.ActiveCfg = Debug|Any CPU
		{2F3D5C19-1206-495D-B928-880A5E019647}.Debug|Any CPU.Build.0 = Debug|Any CPU
		{2F3D5C19-1206-495D-B928-880A5E019647}.Release|Any CPU.ActiveCfg = Release|Any CPU
		{2F3D5C19-1206-495D-B928-880A5E019647}.Release|Any CPU.Build.0 = Release|Any CPU
	EndGlobalSection
	GlobalSection(SolutionProperties) = preSolution
		HideSolutionNode = FALSE
	EndGlobalSection
EndGlobal
