
Microsoft Visual Studio Solution File, Format Version 12.00
# Visual Studio 2013
VisualStudioVersion = 12.0.21005.1
MinimumVisualStudioVersion = 10.0.40219.1
Project("{FAE04EC0-301F-11D3-BF4B-00C04F79EFBC}") = "01.SumOfThreeNumbers", "01.SumOfThreeNumbers\01.SumOfThreeNumbers.csproj", "{629B1867-ECA4-4409-9370-F475E919C1C6}"
EndProject
Project("{FAE04EC0-301F-11D3-BF4B-00C04F79EFBC}") = "02.CompanyInformation", "02.CompanyInformation\02.CompanyInformation.csproj", "{0782214E-A573-4CAA-ADAE-FEFF28C02250}"
EndProject
Project("{FAE04EC0-301F-11D3-BF4B-00C04F79EFBC}") = "03.CirclePerimeterAndArea", "03.CirclePerimeterAndArea\03.CirclePerimeterAndArea.csproj", "{84D8540F-8008-4212-A604-C4232EE18747}"
EndProject
Project("{FAE04EC0-301F-11D3-BF4B-00C04F79EFBC}") = "04.NumberComparer", "04.NumberComparer\04.NumberComparer.csproj", "{0F5EE9C0-A8FD-47D0-B239-5EFA02414633}"
EndProject
Project("{FAE04EC0-301F-11D3-BF4B-00C04F79EFBC}") = "05.FormattingNumbers", "05.FormattingNumbers\05.FormattingNumbers.csproj", "{2B2DAB4D-6C2E-49CC-AA1F-6F09DE82915B}"
EndProject
Project("{FAE04EC0-301F-11D3-BF4B-00C04F79EFBC}") = "06.QuadraticEquation", "06.QuadraticEquation\06.QuadraticEquation.csproj", "{AF293D38-D24E-4E1D-A69E-20689500C22F}"
EndProject
Project("{FAE04EC0-301F-11D3-BF4B-00C04F79EFBC}") = "07.SumOfFiveNums", "07.SumOfFiveNums\07.SumOfFiveNums.csproj", "{5FD860D7-D30E-4E5C-BD94-C38848B39AC2}"
EndProject
Project("{FAE04EC0-301F-11D3-BF4B-00C04F79EFBC}") = "08.NumbersFromOneToN", "08.NumbersFromOneToN\08.NumbersFromOneToN.csproj", "{9A7B4790-1499-42AA-86D1-1FF7BA3769FA}"
EndProject
Project("{FAE04EC0-301F-11D3-BF4B-00C04F79EFBC}") = "09.SumOfNNumbres", "09.SumOfNNumbres\09.SumOfNNumbres.csproj", "{24E84B6E-DD64-49A4-BBB6-EBC7A24AB2D3}"
EndProject
Project("{FAE04EC0-301F-11D3-BF4B-00C04F79EFBC}") = "10.FibonacciNumbers", "10.FibonacciNumbers\10.FibonacciNumbers.csproj", "{42442827-9D59-41D3-9086-F3066D749A39}"
EndProject
Project("{FAE04EC0-301F-11D3-BF4B-00C04F79EFBC}") = "11.NumberInInterval", "11.NumberInInterval\11.NumberInInterval.csproj", "{D45229F2-CED1-4F99-A2C2-9C2598C701B4}"
EndProject
Project("{FAE04EC0-301F-11D3-BF4B-00C04F79EFBC}") = "12.FallingRocks", "12.FallingRocks\12.FallingRocks.csproj", "{9F1291B9-8507-4F63-ABFA-DCA549FD8442}"
EndProject
Global
	GlobalSection(SolutionConfigurationPlatforms) = preSolution
		Debug|Any CPU = Debug|Any CPU
		Release|Any CPU = Release|Any CPU
	EndGlobalSection
	GlobalSection(ProjectConfigurationPlatforms) = postSolution
		{629B1867-ECA4-4409-9370-F475E919C1C6}.Debug|Any CPU.ActiveCfg = Debug|Any CPU
		{629B1867-ECA4-4409-9370-F475E919C1C6}.Debug|Any CPU.Build.0 = Debug|Any CPU
		{629B1867-ECA4-4409-9370-F475E919C1C6}.Release|Any CPU.ActiveCfg = Release|Any CPU
		{629B1867-ECA4-4409-9370-F475E919C1C6}.Release|Any CPU.Build.0 = Release|Any CPU
		{0782214E-A573-4CAA-ADAE-FEFF28C02250}.Debug|Any CPU.ActiveCfg = Debug|Any CPU
		{0782214E-A573-4CAA-ADAE-FEFF28C02250}.Debug|Any CPU.Build.0 = Debug|Any CPU
		{0782214E-A573-4CAA-ADAE-FEFF28C02250}.Release|Any CPU.ActiveCfg = Release|Any CPU
		{0782214E-A573-4CAA-ADAE-FEFF28C02250}.Release|Any CPU.Build.0 = Release|Any CPU
		{84D8540F-8008-4212-A604-C4232EE18747}.Debug|Any CPU.ActiveCfg = Debug|Any CPU
		{84D8540F-8008-4212-A604-C4232EE18747}.Debug|Any CPU.Build.0 = Debug|Any CPU
		{84D8540F-8008-4212-A604-C4232EE18747}.Release|Any CPU.ActiveCfg = Release|Any CPU
		{84D8540F-8008-4212-A604-C4232EE18747}.Release|Any CPU.Build.0 = Release|Any CPU
		{0F5EE9C0-A8FD-47D0-B239-5EFA02414633}.Debug|Any CPU.ActiveCfg = Debug|Any CPU
		{0F5EE9C0-A8FD-47D0-B239-5EFA02414633}.Debug|Any CPU.Build.0 = Debug|Any CPU
		{0F5EE9C0-A8FD-47D0-B239-5EFA02414633}.Release|Any CPU.ActiveCfg = Release|Any CPU
		{0F5EE9C0-A8FD-47D0-B239-5EFA02414633}.Release|Any CPU.Build.0 = Release|Any CPU
		{2B2DAB4D-6C2E-49CC-AA1F-6F09DE82915B}.Debug|Any CPU.ActiveCfg = Debug|Any CPU
		{2B2DAB4D-6C2E-49CC-AA1F-6F09DE82915B}.Debug|Any CPU.Build.0 = Debug|Any CPU
		{2B2DAB4D-6C2E-49CC-AA1F-6F09DE82915B}.Release|Any CPU.ActiveCfg = Release|Any CPU
		{2B2DAB4D-6C2E-49CC-AA1F-6F09DE82915B}.Release|Any CPU.Build.0 = Release|Any CPU
		{AF293D38-D24E-4E1D-A69E-20689500C22F}.Debug|Any CPU.ActiveCfg = Debug|Any CPU
		{AF293D38-D24E-4E1D-A69E-20689500C22F}.Debug|Any CPU.Build.0 = Debug|Any CPU
		{AF293D38-D24E-4E1D-A69E-20689500C22F}.Release|Any CPU.ActiveCfg = Release|Any CPU
		{AF293D38-D24E-4E1D-A69E-20689500C22F}.Release|Any CPU.Build.0 = Release|Any CPU
		{5FD860D7-D30E-4E5C-BD94-C38848B39AC2}.Debug|Any CPU.ActiveCfg = Debug|Any CPU
		{5FD860D7-D30E-4E5C-BD94-C38848B39AC2}.Debug|Any CPU.Build.0 = Debug|Any CPU
		{5FD860D7-D30E-4E5C-BD94-C38848B39AC2}.Release|Any CPU.ActiveCfg = Release|Any CPU
		{5FD860D7-D30E-4E5C-BD94-C38848B39AC2}.Release|Any CPU.Build.0 = Release|Any CPU
		{9A7B4790-1499-42AA-86D1-1FF7BA3769FA}.Debug|Any CPU.ActiveCfg = Debug|Any CPU
		{9A7B4790-1499-42AA-86D1-1FF7BA3769FA}.Debug|Any CPU.Build.0 = Debug|Any CPU
		{9A7B4790-1499-42AA-86D1-1FF7BA3769FA}.Release|Any CPU.ActiveCfg = Release|Any CPU
		{9A7B4790-1499-42AA-86D1-1FF7BA3769FA}.Release|Any CPU.Build.0 = Release|Any CPU
		{24E84B6E-DD64-49A4-BBB6-EBC7A24AB2D3}.Debug|Any CPU.ActiveCfg = Debug|Any CPU
		{24E84B6E-DD64-49A4-BBB6-EBC7A24AB2D3}.Debug|Any CPU.Build.0 = Debug|Any CPU
		{24E84B6E-DD64-49A4-BBB6-EBC7A24AB2D3}.Release|Any CPU.ActiveCfg = Release|Any CPU
		{24E84B6E-DD64-49A4-BBB6-EBC7A24AB2D3}.Release|Any CPU.Build.0 = Release|Any CPU
		{42442827-9D59-41D3-9086-F3066D749A39}.Debug|Any CPU.ActiveCfg = Debug|Any CPU
		{42442827-9D59-41D3-9086-F3066D749A39}.Debug|Any CPU.Build.0 = Debug|Any CPU
		{42442827-9D59-41D3-9086-F3066D749A39}.Release|Any CPU.ActiveCfg = Release|Any CPU
		{42442827-9D59-41D3-9086-F3066D749A39}.Release|Any CPU.Build.0 = Release|Any CPU
		{D45229F2-CED1-4F99-A2C2-9C2598C701B4}.Debug|Any CPU.ActiveCfg = Debug|Any CPU
		{D45229F2-CED1-4F99-A2C2-9C2598C701B4}.Debug|Any CPU.Build.0 = Debug|Any CPU
		{D45229F2-CED1-4F99-A2C2-9C2598C701B4}.Release|Any CPU.ActiveCfg = Release|Any CPU
		{D45229F2-CED1-4F99-A2C2-9C2598C701B4}.Release|Any CPU.Build.0 = Release|Any CPU
		{9F1291B9-8507-4F63-ABFA-DCA549FD8442}.Debug|Any CPU.ActiveCfg = Debug|Any CPU
		{9F1291B9-8507-4F63-ABFA-DCA549FD8442}.Debug|Any CPU.Build.0 = Debug|Any CPU
		{9F1291B9-8507-4F63-ABFA-DCA549FD8442}.Release|Any CPU.ActiveCfg = Release|Any CPU
		{9F1291B9-8507-4F63-ABFA-DCA549FD8442}.Release|Any CPU.Build.0 = Release|Any CPU
	EndGlobalSection
	GlobalSection(SolutionProperties) = preSolution
		HideSolutionNode = FALSE
	EndGlobalSection
EndGlobal
